
Microsoft Visual Studio Solution File, Format Version 12.00
# Visual Studio Version 17
VisualStudioVersion = 17.11.35222.181
MinimumVisualStudioVersion = 10.0.40219.1
Project("{FAE04EC0-301F-11D3-BF4B-00C04F79EFBC}") = "Däscheräschnä", "Däscheräschnä\Däscheräschnä.csproj", "{AE27DD25-F249-4916-BFE9-999A90697DBE}"
EndProject
Global
	GlobalSection(SolutionConfigurationPlatforms) = preSolution
		Debug|Any CPU = Debug|Any CPU
		Release|Any CPU = Release|Any CPU
	EndGlobalSection
	GlobalSection(ProjectConfigurationPlatforms) = postSolution
		{AE27DD25-F249-4916-BFE9-999A90697DBE}.Debug|Any CPU.ActiveCfg = Debug|Any CPU
		{AE27DD25-F249-4916-BFE9-999A90697DBE}.Debug|Any CPU.Build.0 = Debug|Any CPU
		{AE27DD25-F249-4916-BFE9-999A90697DBE}.Release|Any CPU.ActiveCfg = Release|Any CPU
		{AE27DD25-F249-4916-BFE9-999A90697DBE}.Release|Any CPU.Build.0 = Release|Any CPU
	EndGlobalSection
	GlobalSection(SolutionProperties) = preSolution
		HideSolutionNode = FALSE
	EndGlobalSection
	GlobalSection(ExtensibilityGlobals) = postSolution
		SolutionGuid = {AA1D8206-9ADF-4A63-B2BA-5D8DC7086EFB}
	EndGlobalSection
EndGlobal
